# THIS IS AN AUTOGENERATED FILE. DO NOT EDIT THIS FILE DIRECTLY.
# yarn lockfile v1


element-matches@^0.1.2:
  version "0.1.2"
  resolved "https://registry.yarnpkg.com/element-matches/-/element-matches-0.1.2.tgz#7345cb71e965bd2b12f725e524591c102198361a"
  integrity sha512-yWh1otcs3OKUWDvu/IxyI36ZI3WNaRZlI0uG/DK6fu0pap0VYZ0J5pEGTk1zakme+hT0OKHwhlHc0N5TJhY6yQ==

jquery@^3.3.1:
  version "3.4.1"
  resolved "https://registry.yarnpkg.com/jquery/-/jquery-3.4.1.tgz#714f1f8d9dde4bdfa55764ba37ef214630d80ef2"
  integrity sha512-36+AdBzCL+y6qjw5Tx7HgzeGCzC81MDDgaUP8ld2zhx58HdqXGoBd+tHdrBMiyjGQs0Hxs/MLZTu/eHNJJuWPw==

js-cookie@^2.2.0:
  version "2.2.1"
  resolved "https://registry.yarnpkg.com/js-cookie/-/js-cookie-2.2.1.tgz#69e106dc5d5806894562902aa5baec3744e9b2b8"
  integrity sha512-HvdH2LzI/EAZcUwA8+0nKNtWHqS+ZmijLA30RwZA0bo7ToCckjK5MkGhjED9KoRcXO6BaGI3I9UIzSA1FKFPOQ==

lodash.defer@^4.1.0:
  version "4.1.0"
  resolved "https://registry.yarnpkg.com/lodash.defer/-/lodash.defer-4.1.0.tgz#e9c158a961de1a46ea24fda34685b4ccdd358f3f"
  integrity sha1-6cFYqWHeGkbqJP2jRoW0zN01jz8=

lodash.iselement@^4.1.1:
  version "4.1.1"
  resolved "https://registry.yarnpkg.com/lodash.iselement/-/lodash.iselement-4.1.1.tgz#f678d4f6f3a964f9ec7f115f2546f3e4a0ba82ca"
  integrity sha1-9njU9vOpZPnsfxFfJUbz5KC6gso=

lodash.isobjectlike@^4.0.0:
  version "4.0.0"
  resolved "https://registry.yarnpkg.com/lodash.isobjectlike/-/lodash.isobjectlike-4.0.0.tgz#742c5fc65add27924d3d24191681aa9a17b2b60d"
  integrity sha1-dCxfxlrdJ5JNPSQZFoGqmheytg0=

lodash.zipobject@^4.1.3:
  version "4.1.3"
  resolved "https://registry.yarnpkg.com/lodash.zipobject/-/lodash.zipobject-4.1.3.tgz#b399f5aba8ff62a746f6979bf20b214f964dbef8"
  integrity sha1-s5n1q6j/YqdG9peb8gshT5ZNvvg=

popper.js@^1.14.7:
  version "1.15.0"
  resolved "https://registry.yarnpkg.com/popper.js/-/popper.js-1.15.0.tgz#5560b99bbad7647e9faa475c6b8056621f5a4ff2"
  integrity sha512-w010cY1oCUmI+9KwwlWki+r5jxKfTFDVoadl7MSrIujHU5MJ5OR6HTDj6Xo8aoR/QsA56x8jKjA59qGH4ELtrA==

shepherd.js@^2.5.0:
  version "2.10.0"
  resolved "https://registry.yarnpkg.com/shepherd.js/-/shepherd.js-2.10.0.tgz#3afbfe87bcfab54bc9a38b88f1305247935ca45f"
  integrity sha512-37bVD5/RTmwHA5zhX/WNsU/9U5S3FslBjZCqHI7/upuahieOr3TaOx+Jkc9TJK6HD9r8I8rQOeQSZGQbOs2kwA==
  dependencies:
    element-matches "^0.1.2"
    lodash.defer "^4.1.0"
    lodash.iselement "^4.1.1"
    lodash.isobjectlike "^4.0.0"
    lodash.zipobject "^4.1.3"
    smoothscroll-polyfill "^0.4.4"
    tippy.js "^4.3.4"

smoothscroll-polyfill@^0.4.4:
  version "0.4.4"
  resolved "https://registry.yarnpkg.com/smoothscroll-polyfill/-/smoothscroll-polyfill-0.4.4.tgz#3a259131dc6930e6ca80003e1cb03b603b69abf8"
  integrity sha512-TK5ZA9U5RqCwMpfoMq/l1mrH0JAR7y7KRvOBx0n2869aLxch+gT9GhN3yUfjiw+d/DiF1mKo14+hd62JyMmoBg==

tippy.js@^4.3.4:
  version "4.3.5"
  resolved "https://registry.yarnpkg.com/tippy.js/-/tippy.js-4.3.5.tgz#882bff8d92f09bb0546d2826d5668c0560006f54"
  integrity sha512-NDq3efte8nGK6BOJ1dDN1/WelAwfmh3UtIYXXck6+SxLzbIQNZE/cmRSnwScZ/FyiKdIcvFHvYUgqmoGx8CcyA==
  dependencies:
    popper.js "^1.14.7"
